
Microsoft Visual Studio Solution File, Format Version 12.00
# Visual Studio 2012
Project("{FAE04EC0-301F-11D3-BF4B-00C04F79EFBC}") = "OpenSupport.Web", "OpenSupport.Web\OpenSupport.Web.csproj", "{6CDAD98F-DB61-4452-83AE-950E05BBAFC1}"
EndProject
Project("{FAE04EC0-301F-11D3-BF4B-00C04F79EFBC}") = "OpenSupport.Setup", "OpenSupport.Setup\OpenSupport.Setup.csproj", "{061CB4B6-B7DE-43AD-A14C-246FC96013D1}"
EndProject
Project("{FAE04EC0-301F-11D3-BF4B-00C04F79EFBC}") = "OpenSupport.Core", "OpenSupport.Core\OpenSupport.Core.csproj", "{699CEE9C-391A-4532-A340-293A494B8D0F}"
EndProject
Project("{FAE04EC0-301F-11D3-BF4B-00C04F79EFBC}") = "OpenSupport.DataAccess", "OpenSupport.DataAccess\OpenSupport.DataAccess.csproj", "{EDDA5462-0740-47BA-A58B-2FFD1EF71251}"
EndProject
Project("{FAE04EC0-301F-11D3-BF4B-00C04F79EFBC}") = "OpenSupport.Dashboard", "OpenSupport.Dashboard\OpenSupport.Dashboard.csproj", "{415F01D9-E54E-4D05-BA3E-BD5880093480}"
EndProject
Project("{FAE04EC0-301F-11D3-BF4B-00C04F79EFBC}") = "OpenSupport.Models", "OpenSupport.Models\OpenSupport.Models.csproj", "{8DABD889-FB12-46B6-8C01-9B93EEFEFAFE}"
EndProject
Project("{FAE04EC0-301F-11D3-BF4B-00C04F79EFBC}") = "OpenSupport.Utility", "OpenSupport.Utility\OpenSupport.Utility.csproj", "{68284FED-0431-4506-AD09-8492FAC27DF6}"
EndProject
Global
	GlobalSection(SolutionConfigurationPlatforms) = preSolution
		Debug|Any CPU = Debug|Any CPU
		Release|Any CPU = Release|Any CPU
	EndGlobalSection
	GlobalSection(ProjectConfigurationPlatforms) = postSolution
		{6CDAD98F-DB61-4452-83AE-950E05BBAFC1}.Debug|Any CPU.ActiveCfg = Debug|Any CPU
		{6CDAD98F-DB61-4452-83AE-950E05BBAFC1}.Debug|Any CPU.Build.0 = Debug|Any CPU
		{6CDAD98F-DB61-4452-83AE-950E05BBAFC1}.Release|Any CPU.ActiveCfg = Release|Any CPU
		{6CDAD98F-DB61-4452-83AE-950E05BBAFC1}.Release|Any CPU.Build.0 = Release|Any CPU
		{061CB4B6-B7DE-43AD-A14C-246FC96013D1}.Debug|Any CPU.ActiveCfg = Debug|Any CPU
		{061CB4B6-B7DE-43AD-A14C-246FC96013D1}.Debug|Any CPU.Build.0 = Debug|Any CPU
		{061CB4B6-B7DE-43AD-A14C-246FC96013D1}.Release|Any CPU.ActiveCfg = Release|Any CPU
		{061CB4B6-B7DE-43AD-A14C-246FC96013D1}.Release|Any CPU.Build.0 = Release|Any CPU
		{699CEE9C-391A-4532-A340-293A494B8D0F}.Debug|Any CPU.ActiveCfg = Debug|Any CPU
		{699CEE9C-391A-4532-A340-293A494B8D0F}.Debug|Any CPU.Build.0 = Debug|Any CPU
		{699CEE9C-391A-4532-A340-293A494B8D0F}.Release|Any CPU.ActiveCfg = Release|Any CPU
		{699CEE9C-391A-4532-A340-293A494B8D0F}.Release|Any CPU.Build.0 = Release|Any CPU
		{EDDA5462-0740-47BA-A58B-2FFD1EF71251}.Debug|Any CPU.ActiveCfg = Debug|Any CPU
		{EDDA5462-0740-47BA-A58B-2FFD1EF71251}.Debug|Any CPU.Build.0 = Debug|Any CPU
		{EDDA5462-0740-47BA-A58B-2FFD1EF71251}.Release|Any CPU.ActiveCfg = Release|Any CPU
		{EDDA5462-0740-47BA-A58B-2FFD1EF71251}.Release|Any CPU.Build.0 = Release|Any CPU
		{415F01D9-E54E-4D05-BA3E-BD5880093480}.Debug|Any CPU.ActiveCfg = Debug|Any CPU
		{415F01D9-E54E-4D05-BA3E-BD5880093480}.Debug|Any CPU.Build.0 = Debug|Any CPU
		{415F01D9-E54E-4D05-BA3E-BD5880093480}.Release|Any CPU.ActiveCfg = Release|Any CPU
		{415F01D9-E54E-4D05-BA3E-BD5880093480}.Release|Any CPU.Build.0 = Release|Any CPU
		{8DABD889-FB12-46B6-8C01-9B93EEFEFAFE}.Debug|Any CPU.ActiveCfg = Debug|Any CPU
		{8DABD889-FB12-46B6-8C01-9B93EEFEFAFE}.Debug|Any CPU.Build.0 = Debug|Any CPU
		{8DABD889-FB12-46B6-8C01-9B93EEFEFAFE}.Release|Any CPU.ActiveCfg = Release|Any CPU
		{8DABD889-FB12-46B6-8C01-9B93EEFEFAFE}.Release|Any CPU.Build.0 = Release|Any CPU
		{68284FED-0431-4506-AD09-8492FAC27DF6}.Debug|Any CPU.ActiveCfg = Debug|Any CPU
		{68284FED-0431-4506-AD09-8492FAC27DF6}.Debug|Any CPU.Build.0 = Debug|Any CPU
		{68284FED-0431-4506-AD09-8492FAC27DF6}.Release|Any CPU.ActiveCfg = Release|Any CPU
		{68284FED-0431-4506-AD09-8492FAC27DF6}.Release|Any CPU.Build.0 = Release|Any CPU
	EndGlobalSection
	GlobalSection(SolutionProperties) = preSolution
		HideSolutionNode = FALSE
	EndGlobalSection
EndGlobal
